// !$*UTF8*$!
{
	archiveVersion = 1;
	classes = {
	};
	objectVersion = 77;
	objects = {

/* Begin PBXBuildFile section */
		235001B42EE6F467005CC171 /* Logo.icon in Resources */ = {isa = PBXBuildFile; fileRef = 235001B32EE6F467005CC171 /* Logo.icon */; };
		237BD6ED2E6EF3EF008AD8A6 /* README.md in Resources */ = {isa = PBXBuildFile; fileRef = 237BD6EC2E6EF3EF008AD8A6 /* README.md */; };
		23D4813E2F983B5A008E756A /* Quartz.framework in Frameworks */ = {isa = PBXBuildFile; fileRef = 23D4813D2F983B5A008E756A /* Quartz.framework */; };
		23D4814A2F983B5A008E756A /* WidgetQuickLook.appex in Embed Foundation Extensions */ = {isa = PBXBuildFile; fileRef = 23D4813B2F983B5A008E756A /* WidgetQuickLook.appex */; settings = {ATTRIBUTES = (RemoveHeadersOnCopy, ); }; };
/* End PBXBuildFile section */

/* Begin PBXContainerItemProxy section */
		23D481482F983B5A008E756A /* PBXContainerItemProxy */ = {
			isa = PBXContainerItemProxy;
			containerPortal = 23DF79D92E6DEC0B007D5A01 /* Project object */;
			proxyType = 1;
			remoteGlobalIDString = 23D4813A2F983B5A008E756A;
			remoteInfo = WidgetQuickLook;
		};
/* End PBXContainerItemProxy section */

/* Begin PBXCopyFilesBuildPhase section */
		23D4814B2F983B5A008E756A /* Embed Foundation Extensions */ = {
			isa = PBXCopyFilesBuildPhase;
			buildActionMask = 2147483647;
			dstPath = "";
			dstSubfolderSpec = 13;
			files = (
				23D4814A2F983B5A008E756A /* WidgetQuickLook.appex in Embed Foundation Extensions */,
			);
			name = "Embed Foundation Extensions";
			runOnlyForDeploymentPostprocessing = 0;
		};
/* End PBXCopyFilesBuildPhase section */

/* Begin PBXFileReference section */
		235001B32EE6F467005CC171 /* Logo.icon */ = {isa = PBXFileReference; lastKnownFileType = folder.iconcomposer.icon; path = Logo.icon; sourceTree = "<group>"; };
		237BD6EC2E6EF3EF008AD8A6 /* README.md */ = {isa = PBXFileReference; lastKnownFileType = net.daringfireball.markdown; path = README.md; sourceTree = "<group>"; };
		23D4813B2F983B5A008E756A /* WidgetQuickLook.appex */ = {isa = PBXFileReference; explicitFileType = "wrapper.app-extension"; includeInIndex = 0; path = WidgetQuickLook.appex; sourceTree = BUILT_PRODUCTS_DIR; };
		23D4813D2F983B5A008E756A /* Quartz.framework */ = {isa = PBXFileReference; lastKnownFileType = wrapper.framework; name = Quartz.framework; path = System/Library/Frameworks/Quartz.framework; sourceTree = SDKROOT; };
		23DF79E12E6DEC0B007D5A01 /* WidgetPortingAPP.app */ = {isa = PBXFileReference; explicitFileType = wrapper.application; includeInIndex = 0; path = WidgetPortingAPP.app; sourceTree = BUILT_PRODUCTS_DIR; };
/* End PBXFileReference section */

/* Begin PBXFileSystemSynchronizedBuildFileExceptionSet section */
		23C44B4E2E6F8E2A0050424D /* Exceptions for "WidgetPortingAPP" folder in "WidgetPortingAPP" target */ = {
			isa = PBXFileSystemSynchronizedBuildFileExceptionSet;
			membershipExceptions = (
				Info.plist,
			);
			target = 23DF79E02E6DEC0B007D5A01 /* WidgetPortingAPP */;
		};
		23D4814F2F983B5A008E756A /* Exceptions for "WidgetQuickLook" folder in "WidgetQuickLook" target */ = {
			isa = PBXFileSystemSynchronizedBuildFileExceptionSet;
			membershipExceptions = (
				Info.plist,
			);
			target = 23D4813A2F983B5A008E756A /* WidgetQuickLook */;
		};
/* End PBXFileSystemSynchronizedBuildFileExceptionSet section */

/* Begin PBXFileSystemSynchronizedRootGroup section */
		23D4813F2F983B5A008E756A /* WidgetQuickLook */ = {
			isa = PBXFileSystemSynchronizedRootGroup;
			exceptions = (
				23D4814F2F983B5A008E756A /* Exceptions for "WidgetQuickLook" folder in "WidgetQuickLook" target */,
			);
			path = WidgetQuickLook;
			sourceTree = "<group>";
		};
		23DF79E32E6DEC0B007D5A01 /* WidgetPortingAPP */ = {
			isa = PBXFileSystemSynchronizedRootGroup;
			exceptions = (
				23C44B4E2E6F8E2A0050424D /* Exceptions for "WidgetPortingAPP" folder in "WidgetPortingAPP" target */,
			);
			path = WidgetPortingAPP;
			sourceTree = "<group>";
		};
/* End PBXFileSystemSynchronizedRootGroup section */

/* Begin PBXFrameworksBuildPhase section */
		23D481382F983B5A008E756A /* Frameworks */ = {
			isa = PBXFrameworksBuildPhase;
			buildActionMask = 2147483647;
			files = (
				23D4813E2F983B5A008E756A /* Quartz.framework in Frameworks */,
			);
			runOnlyForDeploymentPostprocessing = 0;
		};
		23DF79DE2E6DEC0B007D5A01 /* Frameworks */ = {
			isa = PBXFrameworksBuildPhase;
			buildActionMask = 2147483647;
			files = (
			);
			runOnlyForDeploymentPostprocessing = 0;
		};
/* End PBXFrameworksBuildPhase section */

/* Begin PBXGroup section */
		23D4813C2F983B5A008E756A /* Frameworks */ = {
			isa = PBXGroup;
			children = (
				23D4813D2F983B5A008E756A /* Quartz.framework */,
			);
			name = Frameworks;
			sourceTree = "<group>";
		};
		23DF79D82E6DEC0B007D5A01 = {
			isa = PBXGroup;
			children = (
				237BD6EC2E6EF3EF008AD8A6 /* README.md */,
				235001B32EE6F467005CC171 /* Logo.icon */,
				23DF79E32E6DEC0B007D5A01 /* WidgetPortingAPP */,
				23D4813F2F983B5A008E756A /* WidgetQuickLook */,
				23D4813C2F983B5A008E756A /* Frameworks */,
				23DF79E22E6DEC0B007D5A01 /* Products */,
			);
			sourceTree = "<group>";
		};
		23DF79E22E6DEC0B007D5A01 /* Products */ = {
			isa = PBXGroup;
			children = (
				23DF79E12E6DEC0B007D5A01 /* WidgetPortingAPP.app */,
				23D4813B2F983B5A008E756A /* WidgetQuickLook.appex */,
			);
			name = Products;
			sourceTree = "<group>";
		};
/* End PBXGroup section */

/* Begin PBXNativeTarget section */
		23D4813A2F983B5A008E756A /* WidgetQuickLook */ = {
			isa = PBXNativeTarget;
			buildConfigurationList = 23D4814E2F983B5A008E756A /* Build configuration list for PBXNativeTarget "WidgetQuickLook" */;
			buildPhases = (
				23D481372F983B5A008E756A /* Sources */,
				23D481382F983B5A008E756A /* Frameworks */,
				23D481392F983B5A008E756A /* Resources */,
			);
			buildRules = (
			);
			dependencies = (
			);
			fileSystemSynchronizedGroups = (
				23D4813F2F983B5A008E756A /* WidgetQuickLook */,
			);
			name = WidgetQuickLook;
			packageProductDependencies = (
			);
			productName = WidgetQuickLook;
			productReference = 23D4813B2F983B5A008E756A /* WidgetQuickLook.appex */;
			productType = "com.apple.product-type.app-extension";
		};
		23DF79E02E6DEC0B007D5A01 /* WidgetPortingAPP */ = {
			isa = PBXNativeTarget;
			buildConfigurationList = 23DF79ED2E6DEC0C007D5A01 /* Build configuration list for PBXNativeTarget "WidgetPortingAPP" */;
			buildPhases = (
				23A7F11A2EE6374100274BFF /* Add Commit Hash to Info.plist */,
				23DF79DD2E6DEC0B007D5A01 /* Sources */,
				23DF79DE2E6DEC0B007D5A01 /* Frameworks */,
				23DF79DF2E6DEC0B007D5A01 /* Resources */,
				23A7F11B2EE63C6A00274BFF /* Remove Commit Hash from Info.plist */,
				23D4814B2F983B5A008E756A /* Embed Foundation Extensions */,
			);
			buildRules = (
			);
			dependencies = (
				23D481492F983B5A008E756A /* PBXTargetDependency */,
			);
			fileSystemSynchronizedGroups = (
				23DF79E32E6DEC0B007D5A01 /* WidgetPortingAPP */,
			);
			name = WidgetPortingAPP;
			packageProductDependencies = (
			);
			productName = WidgetPortingAPP;
			productReference = 23DF79E12E6DEC0B007D5A01 /* WidgetPortingAPP.app */;
			productType = "com.apple.product-type.application";
		};
/* End PBXNativeTarget section */

/* Begin PBXProject section */
		23DF79D92E6DEC0B007D5A01 /* Project object */ = {
			isa = PBXProject;
			attributes = {
				BuildIndependentTargetsInParallel = 1;
				LastSwiftUpdateCheck = 2640;
				LastUpgradeCheck = 2620;
				TargetAttributes = {
					23D4813A2F983B5A008E756A = {
						CreatedOnToolsVersion = 26.4.1;
					};
					23DF79E02E6DEC0B007D5A01 = {
						CreatedOnToolsVersion = 16.4;
					};
				};
			};
			buildConfigurationList = 23DF79DC2E6DEC0B007D5A01 /* Build configuration list for PBXProject "WidgetPortingAPP" */;
			developmentRegion = en;
			hasScannedForEncodings = 0;
			knownRegions = (
				en,
				Base,
			);
			mainGroup = 23DF79D82E6DEC0B007D5A01;
			minimizedProjectReferenceProxies = 1;
			preferredProjectObjectVersion = 77;
			productRefGroup = 23DF79E22E6DEC0B007D5A01 /* Products */;
			projectDirPath = "";
			projectRoot = "";
			targets = (
				23DF79E02E6DEC0B007D5A01 /* WidgetPortingAPP */,
				23D4813A2F983B5A008E756A /* WidgetQuickLook */,
			);
		};
/* End PBXProject section */

/* Begin PBXResourcesBuildPhase section */
		23D481392F983B5A008E756A /* Resources */ = {
			isa = PBXResourcesBuildPhase;
			buildActionMask = 2147483647;
			files = (
			);
			runOnlyForDeploymentPostprocessing = 0;
		};
		23DF79DF2E6DEC0B007D5A01 /* Resources */ = {
			isa = PBXResourcesBuildPhase;
			buildActionMask = 2147483647;
			files = (
				235001B42EE6F467005CC171 /* Logo.icon in Resources */,
				237BD6ED2E6EF3EF008AD8A6 /* README.md in Resources */,
			);
			runOnlyForDeploymentPostprocessing = 0;
		};
/* End PBXResourcesBuildPhase section */

/* Begin PBXShellScriptBuildPhase section */
		23A7F11A2EE6374100274BFF /* Add Commit Hash to Info.plist */ = {
			isa = PBXShellScriptBuildPhase;
			alwaysOutOfDate = 1;
			buildActionMask = 2147483647;
			files = (
			);
			inputFileListPaths = (
			);
			inputPaths = (
			);
			name = "Add Commit Hash to Info.plist";
			outputFileListPaths = (
			);
			outputPaths = (
			);
			runOnlyForDeploymentPostprocessing = 0;
			shellPath = /bin/sh;
			shellScript = "#!/bin/bash\nset -e\n\nGIT_COMMIT=$(git rev-parse --short HEAD)\nPLIST=\"$SRCROOT/WidgetPortingAPP/Info.plist\"\n\necho \"Injecting GitCommitShort=$GIT_COMMIT into SOURCE plist at: $PLIST\"\n\n/usr/libexec/PlistBuddy -c \"Set :GitCommitShort $GIT_COMMIT\" \"$PLIST\" 2>/dev/null || \\\n/usr/libexec/PlistBuddy -c \"Add :GitCommitShort string $GIT_COMMIT\" \"$PLIST\"\n";
		};
		23A7F11B2EE63C6A00274BFF /* Remove Commit Hash from Info.plist */ = {
			isa = PBXShellScriptBuildPhase;
			alwaysOutOfDate = 1;
			buildActionMask = 2147483647;
			files = (
			);
			inputFileListPaths = (
			);
			inputPaths = (
			);
			name = "Remove Commit Hash from Info.plist";
			outputFileListPaths = (
			);
			outputPaths = (
			);
			runOnlyForDeploymentPostprocessing = 0;
			shellPath = /bin/sh;
			shellScript = "#!/bin/bash\nset -e\n\nPLIST=\"$SRCROOT/WidgetPortingAPP/Info.plist\"\n\necho \"Deleting GitCommitShort from SOURCE plist at: $PLIST\"\n\n/usr/libexec/PlistBuddy -c \"Delete :GitCommitShort\" \"$PLIST\" || true\n";
		};
/* End PBXShellScriptBuildPhase section */

/* Begin PBXSourcesBuildPhase section */
		23D481372F983B5A008E756A /* Sources */ = {
			isa = PBXSourcesBuildPhase;
			buildActionMask = 2147483647;
			files = (
			);
			runOnlyForDeploymentPostprocessing = 0;
		};
		23DF79DD2E6DEC0B007D5A01 /* Sources */ = {
			isa = PBXSourcesBuildPhase;
			buildActionMask = 2147483647;
			files = (
			);
			runOnlyForDeploymentPostprocessing = 0;
		};
/* End PBXSourcesBuildPhase section */

/* Begin PBXTargetDependency section */
		23D481492F983B5A008E756A /* PBXTargetDependency */ = {
			isa = PBXTargetDependency;
			target = 23D4813A2F983B5A008E756A /* WidgetQuickLook */;
			targetProxy = 23D481482F983B5A008E756A /* PBXContainerItemProxy */;
		};
/* End PBXTargetDependency section */

/* Begin XCBuildConfiguration section */
		23D4814C2F983B5A008E756A /* Debug */ = {
			isa = XCBuildConfiguration;
			buildSettings = {
				CODE_SIGN_STYLE = Automatic;
				CURRENT_PROJECT_VERSION = 1;
				ENABLE_APP_SANDBOX = YES;
				ENABLE_USER_SELECTED_FILES = readonly;
				GENERATE_INFOPLIST_FILE = YES;
				INFOPLIST_FILE = WidgetQuickLook/Info.plist;
				INFOPLIST_KEY_CFBundleDisplayName = WidgetQuickLook;
				INFOPLIST_KEY_NSHumanReadableCopyright = "";
				LD_RUNPATH_SEARCH_PATHS = (
					"$(inherited)",
					"@executable_path/../Frameworks",
					"@executable_path/../../../../Frameworks",
				);
				MACOSX_DEPLOYMENT_TARGET = 26.4;
				MARKETING_VERSION = 1.0;
				PRODUCT_BUNDLE_IDENTIFIER = com.niko.WidgetPortingAPP.WidgetQuickLook;
				PRODUCT_NAME = "$(TARGET_NAME)";
				SKIP_INSTALL = YES;
				STRING_CATALOG_GENERATE_SYMBOLS = YES;
				SWIFT_APPROACHABLE_CONCURRENCY = YES;
				SWIFT_EMIT_LOC_STRINGS = YES;
				SWIFT_UPCOMING_FEATURE_MEMBER_IMPORT_VISIBILITY = YES;
				SWIFT_VERSION = 5.0;
			};
			name = Debug;
		};
		23D4814D2F983B5A008E756A /* Release */ = {
			isa = XCBuildConfiguration;
			buildSettings = {
				CODE_SIGN_STYLE = Automatic;
				CURRENT_PROJECT_VERSION = 1;
				ENABLE_APP_SANDBOX = YES;
				ENABLE_USER_SELECTED_FILES = readonly;
				GENERATE_INFOPLIST_FILE = YES;
				INFOPLIST_FILE = WidgetQuickLook/Info.plist;
				INFOPLIST_KEY_CFBundleDisplayName = WidgetQuickLook;
				INFOPLIST_KEY_NSHumanReadableCopyright = "";
				LD_RUNPATH_SEARCH_PATHS = (
					"$(inherited)",
					"@executable_path/../Frameworks",
					"@executable_path/../../../../Frameworks",
				);
				MACOSX_DEPLOYMENT_TARGET = 26.4;
				MARKETING_VERSION = 1.0;
				PRODUCT_BUNDLE_IDENTIFIER = com.niko.WidgetPortingAPP.WidgetQuickLook;
				PRODUCT_NAME = "$(TARGET_NAME)";
				SKIP_INSTALL = YES;
				STRING_CATALOG_GENERATE_SYMBOLS = YES;
				SWIFT_APPROACHABLE_CONCURRENCY = YES;
				SWIFT_EMIT_LOC_STRINGS = YES;
				SWIFT_UPCOMING_FEATURE_MEMBER_IMPORT_VISIBILITY = YES;
				SWIFT_VERSION = 5.0;
			};
			name = Release;
		};
		23DF79EB2E6DEC0C007D5A01 /* Debug */ = {
			isa = XCBuildConfiguration;
			buildSettings = {
				ALWAYS_SEARCH_USER_PATHS = NO;
				ASSETCATALOG_COMPILER_GENERATE_SWIFT_ASSET_SYMBOL_EXTENSIONS = YES;
				CLANG_ANALYZER_NONNULL = YES;
				CLANG_ANALYZER_NUMBER_OBJECT_CONVERSION = YES_AGGRESSIVE;
				CLANG_CXX_LANGUAGE_STANDARD = "gnu++20";
				CLANG_ENABLE_MODULES = YES;
				CLANG_ENABLE_OBJC_ARC = YES;
				CLANG_ENABLE_OBJC_WEAK = YES;
				CLANG_WARN_BLOCK_CAPTURE_AUTORELEASING = YES;
				CLANG_WARN_BOOL_CONVERSION = YES;
				CLANG_WARN_COMMA = YES;
				CLANG_WARN_CONSTANT_CONVERSION = YES;
				CLANG_WARN_DEPRECATED_OBJC_IMPLEMENTATIONS = YES;
				CLANG_WARN_DIRECT_OBJC_ISA_USAGE = YES_ERROR;
				CLANG_WARN_DOCUMENTATION_COMMENTS = YES;
				CLANG_WARN_EMPTY_BODY = YES;
				CLANG_WARN_ENUM_CONVERSION = YES;
				CLANG_WARN_INFINITE_RECURSION = YES;
				CLANG_WARN_INT_CONVERSION = YES;
				CLANG_WARN_NON_LITERAL_NULL_CONVERSION = YES;
				CLANG_WARN_OBJC_IMPLICIT_RETAIN_SELF = YES;
				CLANG_WARN_OBJC_LITERAL_CONVERSION = YES;
				CLANG_WARN_OBJC_ROOT_CLASS = YES_ERROR;
				CLANG_WARN_QUOTED_INCLUDE_IN_FRAMEWORK_HEADER = YES;
				CLANG_WARN_RANGE_LOOP_ANALYSIS = YES;
				CLANG_WARN_STRICT_PROTOTYPES = YES;
				CLANG_WARN_SUSPICIOUS_MOVE = YES;
				CLANG_WARN_UNGUARDED_AVAILABILITY = YES_AGGRESSIVE;
				CLANG_WARN_UNREACHABLE_CODE = YES;
				CLANG_WARN__DUPLICATE_METHOD_MATCH = YES;
				COPY_PHASE_STRIP = NO;
				DEAD_CODE_STRIPPING = YES;
				DEBUG_INFORMATION_FORMAT = dwarf;
				ENABLE_STRICT_OBJC_MSGSEND = YES;
				ENABLE_TESTABILITY = YES;
				ENABLE_USER_SCRIPT_SANDBOXING = YES;
				GCC_C_LANGUAGE_STANDARD = gnu17;
				GCC_DYNAMIC_NO_PIC = NO;
				GCC_NO_COMMON_BLOCKS = YES;
				GCC_OPTIMIZATION_LEVEL = 0;
				GCC_PREPROCESSOR_DEFINITIONS = (
					"DEBUG=1",
					"$(inherited)",
				);
				GCC_WARN_64_TO_32_BIT_CONVERSION = YES;
				GCC_WARN_ABOUT_RETURN_TYPE = YES_ERROR;
				GCC_WARN_UNDECLARED_SELECTOR = YES;
				GCC_WARN_UNINITIALIZED_AUTOS = YES_AGGRESSIVE;
				GCC_WARN_UNUSED_FUNCTION = YES;
				GCC_WARN_UNUSED_VARIABLE = YES;
				LOCALIZATION_PREFERS_STRING_CATALOGS = YES;
				MACOSX_DEPLOYMENT_TARGET = 15.5;
				MTL_ENABLE_DEBUG_INFO = INCLUDE_SOURCE;
				MTL_FAST_MATH = YES;
				ONLY_ACTIVE_ARCH = YES;
				SDKROOT = macosx;
				SWIFT_ACTIVE_COMPILATION_CONDITIONS = "DEBUG $(inherited)";
				SWIFT_OPTIMIZATION_LEVEL = "-Onone";
			};
			name = Debug;
		};
		23DF79EC2E6DEC0C007D5A01 /* Release */ = {
			isa = XCBuildConfiguration;
			buildSettings = {
				ALWAYS_SEARCH_USER_PATHS = NO;
				ASSETCATALOG_COMPILER_GENERATE_SWIFT_ASSET_SYMBOL_EXTENSIONS = YES;
				CLANG_ANALYZER_NONNULL = YES;
				CLANG_ANALYZER_NUMBER_OBJECT_CONVERSION = YES_AGGRESSIVE;
				CLANG_CXX_LANGUAGE_STANDARD = "gnu++20";
				CLANG_ENABLE_MODULES = YES;
				CLANG_ENABLE_OBJC_ARC = YES;
				CLANG_ENABLE_OBJC_WEAK = YES;
				CLANG_WARN_BLOCK_CAPTURE_AUTORELEASING = YES;
				CLANG_WARN_BOOL_CONVERSION = YES;
				CLANG_WARN_COMMA = YES;
				CLANG_WARN_CONSTANT_CONVERSION = YES;
				CLANG_WARN_DEPRECATED_OBJC_IMPLEMENTATIONS = YES;
				CLANG_WARN_DIRECT_OBJC_ISA_USAGE = YES_ERROR;
				CLANG_WARN_DOCUMENTATION_COMMENTS = YES;
				CLANG_WARN_EMPTY_BODY = YES;
				CLANG_WARN_ENUM_CONVERSION = YES;
				CLANG_WARN_INFINITE_RECURSION = YES;
				CLANG_WARN_INT_CONVERSION = YES;
				CLANG_WARN_NON_LITERAL_NULL_CONVERSION = YES;
				CLANG_WARN_OBJC_IMPLICIT_RETAIN_SELF = YES;
				CLANG_WARN_OBJC_LITERAL_CONVERSION = YES;
				CLANG_WARN_OBJC_ROOT_CLASS = YES_ERROR;
				CLANG_WARN_QUOTED_INCLUDE_IN_FRAMEWORK_HEADER = YES;
				CLANG_WARN_RANGE_LOOP_ANALYSIS = YES;
				CLANG_WARN_STRICT_PROTOTYPES = YES;
				CLANG_WARN_SUSPICIOUS_MOVE = YES;
				CLANG_WARN_UNGUARDED_AVAILABILITY = YES_AGGRESSIVE;
				CLANG_WARN_UNREACHABLE_CODE = YES;
				CLANG_WARN__DUPLICATE_METHOD_MATCH = YES;
				COPY_PHASE_STRIP = NO;
				DEAD_CODE_STRIPPING = YES;
				DEBUG_INFORMATION_FORMAT = "dwarf-with-dsym";
				ENABLE_NS_ASSERTIONS = NO;
				ENABLE_STRICT_OBJC_MSGSEND = YES;
				ENABLE_USER_SCRIPT_SANDBOXING = YES;
				GCC_C_LANGUAGE_STANDARD = gnu17;
				GCC_NO_COMMON_BLOCKS = YES;
				GCC_WARN_64_TO_32_BIT_CONVERSION = YES;
				GCC_WARN_ABOUT_RETURN_TYPE = YES_ERROR;
				GCC_WARN_UNDECLARED_SELECTOR = YES;
				GCC_WARN_UNINITIALIZED_AUTOS = YES_AGGRESSIVE;
				GCC_WARN_UNUSED_FUNCTION = YES;
				GCC_WARN_UNUSED_VARIABLE = YES;
				LOCALIZATION_PREFERS_STRING_CATALOGS = YES;
				MACOSX_DEPLOYMENT_TARGET = 15.5;
				MTL_ENABLE_DEBUG_INFO = NO;
				MTL_FAST_MATH = YES;
				SDKROOT = macosx;
				SWIFT_COMPILATION_MODE = wholemodule;
			};
			name = Release;
		};
		23DF79EE2E6DEC0C007D5A01 /* Debug */ = {
			isa = XCBuildConfiguration;
			buildSettings = {
				ASSETCATALOG_COMPILER_APPICON_NAME = Logo;
				ASSETCATALOG_COMPILER_GLOBAL_ACCENT_COLOR_NAME = AccentColor;
				AUTOMATION_APPLE_EVENTS = YES;
				CODE_SIGN_ENTITLEMENTS = WidgetPortingAPP/WidgetPortingAPP.entitlements;
				CODE_SIGN_STYLE = Automatic;
				COMBINE_HIDPI_IMAGES = YES;
				CURRENT_PROJECT_VERSION = 1;
				DEAD_CODE_STRIPPING = YES;
				ENABLE_APP_SANDBOX = NO;
				ENABLE_PREVIEWS = YES;
				ENABLE_USER_SCRIPT_SANDBOXING = NO;
				GENERATE_INFOPLIST_FILE = YES;
				INFOPLIST_FILE = WidgetPortingAPP/Info.plist;
				INFOPLIST_KEY_NSHumanReadableCopyright = "";
				LD_RUNPATH_SEARCH_PATHS = (
					"$(inherited)",
					"@executable_path/../Frameworks",
				);
				MACOSX_DEPLOYMENT_TARGET = 12.0;
				MARKETING_VERSION = 1.0;
				PRODUCT_BUNDLE_IDENTIFIER = com.niko.WidgetPortingAPP;
				PRODUCT_NAME = "$(TARGET_NAME)";
				REGISTER_APP_GROUPS = YES;
				SWIFT_EMIT_LOC_STRINGS = YES;
				SWIFT_VERSION = 5.0;
			};
			name = Debug;
		};
		23DF79EF2E6DEC0C007D5A01 /* Release */ = {
			isa = XCBuildConfiguration;
			buildSettings = {
				ASSETCATALOG_COMPILER_APPICON_NAME = Logo;
				ASSETCATALOG_COMPILER_GLOBAL_ACCENT_COLOR_NAME = AccentColor;
				AUTOMATION_APPLE_EVENTS = YES;
				CODE_SIGN_ENTITLEMENTS = WidgetPortingAPP/WidgetPortingAPP.entitlements;
				CODE_SIGN_STYLE = Automatic;
				COMBINE_HIDPI_IMAGES = YES;
				CURRENT_PROJECT_VERSION = 1;
				DEAD_CODE_STRIPPING = YES;
				ENABLE_APP_SANDBOX = NO;
				ENABLE_PREVIEWS = YES;
				ENABLE_USER_SCRIPT_SANDBOXING = NO;
				GENERATE_INFOPLIST_FILE = YES;
				INFOPLIST_FILE = WidgetPortingAPP/Info.plist;
				INFOPLIST_KEY_NSHumanReadableCopyright = "";
				LD_RUNPATH_SEARCH_PATHS = (
					"$(inherited)",
					"@executable_path/../Frameworks",
				);
				MACOSX_DEPLOYMENT_TARGET = 12.0;
				MARKETING_VERSION = 1.0;
				PRODUCT_BUNDLE_IDENTIFIER = com.niko.WidgetPortingAPP;
				PRODUCT_NAME = "$(TARGET_NAME)";
				REGISTER_APP_GROUPS = YES;
				SWIFT_EMIT_LOC_STRINGS = YES;
				SWIFT_VERSION = 5.0;
			};
			name = Release;
		};
/* End XCBuildConfiguration section */

/* Begin XCConfigurationList section */
		23D4814E2F983B5A008E756A /* Build configuration list for PBXNativeTarget "WidgetQuickLook" */ = {
			isa = XCConfigurationList;
			buildConfigurations = (
				23D4814C2F983B5A008E756A /* Debug */,
				23D4814D2F983B5A008E756A /* Release */,
			);
			defaultConfigurationIsVisible = 0;
			defaultConfigurationName = Release;
		};
		23DF79DC2E6DEC0B007D5A01 /* Build configuration list for PBXProject "WidgetPortingAPP" */ = {
			isa = XCConfigurationList;
			buildConfigurations = (
				23DF79EB2E6DEC0C007D5A01 /* Debug */,
				23DF79EC2E6DEC0C007D5A01 /* Release */,
			);
			defaultConfigurationIsVisible = 0;
			defaultConfigurationName = Release;
		};
		23DF79ED2E6DEC0C007D5A01 /* Build configuration list for PBXNativeTarget "WidgetPortingAPP" */ = {
			isa = XCConfigurationList;
			buildConfigurations = (
				23DF79EE2E6DEC0C007D5A01 /* Debug */,
				23DF79EF2E6DEC0C007D5A01 /* Release */,
			);
			defaultConfigurationIsVisible = 0;
			defaultConfigurationName = Release;
		};
/* End XCConfigurationList section */
	};
	rootObject = 23DF79D92E6DEC0B007D5A01 /* Project object */;
}
